// !$*UTF8*$!
{
	archiveVersion = 1;
	classes = {
	};
	objectVersion = 50;
	objects = {

/* Begin PBXBuildFile section */
		BCAAE75B2358DBC000C6D28C /* Wage.swift in Sources */ = {isa = PBXBuildFile; fileRef = BCAAE75A2358DBC000C6D28C /* Wage.swift */; };
		BCAAE7632358DC0700C6D28C /* window_shopper_appTests.swift in Sources */ = {isa = PBXBuildFile; fileRef = BCAAE7622358DC0700C6D28C /* window_shopper_appTests.swift */; };
		BCAAE76A2358DD1800C6D28C /* Wage.swift in Sources */ = {isa = PBXBuildFile; fileRef = BCAAE75A2358DBC000C6D28C /* Wage.swift */; };
		BCD9094523561B8D00918A5E /* AppDelegate.swift in Sources */ = {isa = PBXBuildFile; fileRef = BCD9094423561B8D00918A5E /* AppDelegate.swift */; };
		BCD9094723561B8D00918A5E /* SceneDelegate.swift in Sources */ = {isa = PBXBuildFile; fileRef = BCD9094623561B8D00918A5E /* SceneDelegate.swift */; };
		BCD9094923561B8D00918A5E /* ViewController.swift in Sources */ = {isa = PBXBuildFile; fileRef = BCD9094823561B8D00918A5E /* ViewController.swift */; };
		BCD9094C23561B8D00918A5E /* Main.storyboard in Resources */ = {isa = PBXBuildFile; fileRef = BCD9094A23561B8D00918A5E /* Main.storyboard */; };
		BCD9094E23561B8E00918A5E /* Assets.xcassets in Resources */ = {isa = PBXBuildFile; fileRef = BCD9094D23561B8E00918A5E /* Assets.xcassets */; };
		BCD9095123561B8E00918A5E /* LaunchScreen.storyboard in Resources */ = {isa = PBXBuildFile; fileRef = BCD9094F23561B8E00918A5E /* LaunchScreen.storyboard */; };
		BCD9095D23562B8D00918A5E /* CurrencyTextField.swift in Sources */ = {isa = PBXBuildFile; fileRef = BCD9095C23562B8D00918A5E /* CurrencyTextField.swift */; };
/* End PBXBuildFile section */

/* Begin PBXContainerItemProxy section */
		BCAAE7652358DC0700C6D28C /* PBXContainerItemProxy */ = {
			isa = PBXContainerItemProxy;
			containerPortal = BCD9093923561B8D00918A5E /* Project object */;
			proxyType = 1;
			remoteGlobalIDString = BCD9094023561B8D00918A5E;
			remoteInfo = "window-shopper-app";
		};
/* End PBXContainerItemProxy section */

/* Begin PBXFileReference section */
		BCAAE75A2358DBC000C6D28C /* Wage.swift */ = {isa = PBXFileReference; lastKnownFileType = sourcecode.swift; path = Wage.swift; sourceTree = "<group>"; };
		BCAAE7602358DC0700C6D28C /* window-shopper-appTests.xctest */ = {isa = PBXFileReference; explicitFileType = wrapper.cfbundle; includeInIndex = 0; path = "window-shopper-appTests.xctest"; sourceTree = BUILT_PRODUCTS_DIR; };
		BCAAE7622358DC0700C6D28C /* window_shopper_appTests.swift */ = {isa = PBXFileReference; lastKnownFileType = sourcecode.swift; path = window_shopper_appTests.swift; sourceTree = "<group>"; };
		BCAAE7642358DC0700C6D28C /* Info.plist */ = {isa = PBXFileReference; lastKnownFileType = text.plist.xml; path = Info.plist; sourceTree = "<group>"; };
		BCD9094123561B8D00918A5E /* window-shopper-app.app */ = {isa = PBXFileReference; explicitFileType = wrapper.application; includeInIndex = 0; path = "window-shopper-app.app"; sourceTree = BUILT_PRODUCTS_DIR; };
		BCD9094423561B8D00918A5E /* AppDelegate.swift */ = {isa = PBXFileReference; lastKnownFileType = sourcecode.swift; path = AppDelegate.swift; sourceTree = "<group>"; };
		BCD9094623561B8D00918A5E /* SceneDelegate.swift */ = {isa = PBXFileReference; lastKnownFileType = sourcecode.swift; path = SceneDelegate.swift; sourceTree = "<group>"; };
		BCD9094823561B8D00918A5E /* ViewController.swift */ = {isa = PBXFileReference; lastKnownFileType = sourcecode.swift; path = ViewController.swift; sourceTree = "<group>"; };
		BCD9094B23561B8D00918A5E /* Base */ = {isa = PBXFileReference; lastKnownFileType = file.storyboard; name = Base; path = Base.lproj/Main.storyboard; sourceTree = "<group>"; };
		BCD9094D23561B8E00918A5E /* Assets.xcassets */ = {isa = PBXFileReference; lastKnownFileType = folder.assetcatalog; path = Assets.xcassets; sourceTree = "<group>"; };
		BCD9095023561B8E00918A5E /* Base */ = {isa = PBXFileReference; lastKnownFileType = file.storyboard; name = Base; path = Base.lproj/LaunchScreen.storyboard; sourceTree = "<group>"; };
		BCD9095223561B8E00918A5E /* Info.plist */ = {isa = PBXFileReference; lastKnownFileType = text.plist.xml; path = Info.plist; sourceTree = "<group>"; };
		BCD9095C23562B8D00918A5E /* CurrencyTextField.swift */ = {isa = PBXFileReference; lastKnownFileType = sourcecode.swift; path = CurrencyTextField.swift; sourceTree = "<group>"; };
/* End PBXFileReference section */

/* Begin PBXFrameworksBuildPhase section */
		BCAAE75D2358DC0700C6D28C /* Frameworks */ = {
			isa = PBXFrameworksBuildPhase;
			buildActionMask = 2147483647;
			files = (
			);
			runOnlyForDeploymentPostprocessing = 0;
		};
		BCD9093E23561B8D00918A5E /* Frameworks */ = {
			isa = PBXFrameworksBuildPhase;
			buildActionMask = 2147483647;
			files = (
			);
			runOnlyForDeploymentPostprocessing = 0;
		};
/* End PBXFrameworksBuildPhase section */

/* Begin PBXGroup section */
		BCAAE7592358DBAA00C6D28C /* Models */ = {
			isa = PBXGroup;
			children = (
				BCAAE75A2358DBC000C6D28C /* Wage.swift */,
			);
			path = Models;
			sourceTree = "<group>";
		};
		BCAAE7612358DC0700C6D28C /* window-shopper-appTests */ = {
			isa = PBXGroup;
			children = (
				BCAAE7622358DC0700C6D28C /* window_shopper_appTests.swift */,
				BCAAE7642358DC0700C6D28C /* Info.plist */,
			);
			path = "window-shopper-appTests";
			sourceTree = "<group>";
		};
		BCD9093823561B8D00918A5E = {
			isa = PBXGroup;
			children = (
				BCD9094323561B8D00918A5E /* window-shopper-app */,
				BCAAE7612358DC0700C6D28C /* window-shopper-appTests */,
				BCD9094223561B8D00918A5E /* Products */,
			);
			sourceTree = "<group>";
		};
		BCD9094223561B8D00918A5E /* Products */ = {
			isa = PBXGroup;
			children = (
				BCD9094123561B8D00918A5E /* window-shopper-app.app */,
				BCAAE7602358DC0700C6D28C /* window-shopper-appTests.xctest */,
			);
			name = Products;
			sourceTree = "<group>";
		};
		BCD9094323561B8D00918A5E /* window-shopper-app */ = {
			isa = PBXGroup;
			children = (
				BCAAE7592358DBAA00C6D28C /* Models */,
				BCD90959235629F700918A5E /* View */,
				BCD90958235629E800918A5E /* Controller */,
				BCD9094423561B8D00918A5E /* AppDelegate.swift */,
				BCD9094623561B8D00918A5E /* SceneDelegate.swift */,
				BCD9094A23561B8D00918A5E /* Main.storyboard */,
				BCD9094D23561B8E00918A5E /* Assets.xcassets */,
				BCD9094F23561B8E00918A5E /* LaunchScreen.storyboard */,
				BCD9095223561B8E00918A5E /* Info.plist */,
			);
			path = "window-shopper-app";
			sourceTree = "<group>";
		};
		BCD90958235629E800918A5E /* Controller */ = {
			isa = PBXGroup;
			children = (
				BCD9094823561B8D00918A5E /* ViewController.swift */,
			);
			path = Controller;
			sourceTree = "<group>";
		};
		BCD90959235629F700918A5E /* View */ = {
			isa = PBXGroup;
			children = (
				BCD9095C23562B8D00918A5E /* CurrencyTextField.swift */,
			);
			path = View;
			sourceTree = "<group>";
		};
/* End PBXGroup section */

/* Begin PBXNativeTarget section */
		BCAAE75F2358DC0700C6D28C /* window-shopper-appTests */ = {
			isa = PBXNativeTarget;
			buildConfigurationList = BCAAE7672358DC0700C6D28C /* Build configuration list for PBXNativeTarget "window-shopper-appTests" */;
			buildPhases = (
				BCAAE75C2358DC0700C6D28C /* Sources */,
				BCAAE75D2358DC0700C6D28C /* Frameworks */,
				BCAAE75E2358DC0700C6D28C /* Resources */,
			);
			buildRules = (
			);
			dependencies = (
				BCAAE7662358DC0700C6D28C /* PBXTargetDependency */,
			);
			name = "window-shopper-appTests";
			productName = "window-shopper-appTests";
			productReference = BCAAE7602358DC0700C6D28C /* window-shopper-appTests.xctest */;
			productType = "com.apple.product-type.bundle.unit-test";
		};
		BCD9094023561B8D00918A5E /* window-shopper-app */ = {
			isa = PBXNativeTarget;
			buildConfigurationList = BCD9095523561B8E00918A5E /* Build configuration list for PBXNativeTarget "window-shopper-app" */;
			buildPhases = (
				BCD9093D23561B8D00918A5E /* Sources */,
				BCD9093E23561B8D00918A5E /* Frameworks */,
				BCD9093F23561B8D00918A5E /* Resources */,
			);
			buildRules = (
			);
			dependencies = (
			);
			name = "window-shopper-app";
			productName = "window-shopper-app";
			productReference = BCD9094123561B8D00918A5E /* window-shopper-app.app */;
			productType = "com.apple.product-type.application";
		};
/* End PBXNativeTarget section */

/* Begin PBXProject section */
		BCD9093923561B8D00918A5E /* Project object */ = {
			isa = PBXProject;
			attributes = {
				LastSwiftUpdateCheck = 1110;
				LastUpgradeCheck = 1110;
				ORGANIZATIONNAME = "Syed Saud";
				TargetAttributes = {
					BCAAE75F2358DC0700C6D28C = {
						CreatedOnToolsVersion = 11.1;
						TestTargetID = BCD9094023561B8D00918A5E;
					};
					BCD9094023561B8D00918A5E = {
						CreatedOnToolsVersion = 11.1;
					};
				};
			};
			buildConfigurationList = BCD9093C23561B8D00918A5E /* Build configuration list for PBXProject "window-shopper-app" */;
			compatibilityVersion = "Xcode 9.3";
			developmentRegion = en;
			hasScannedForEncodings = 0;
			knownRegions = (
				en,
				Base,
			);
			mainGroup = BCD9093823561B8D00918A5E;
			productRefGroup = BCD9094223561B8D00918A5E /* Products */;
			projectDirPath = "";
			projectRoot = "";
			targets = (
				BCD9094023561B8D00918A5E /* window-shopper-app */,
				BCAAE75F2358DC0700C6D28C /* window-shopper-appTests */,
			);
		};
/* End PBXProject section */

/* Begin PBXResourcesBuildPhase section */
		BCAAE75E2358DC0700C6D28C /* Resources */ = {
			isa = PBXResourcesBuildPhase;
			buildActionMask = 2147483647;
			files = (
			);
			runOnlyForDeploymentPostprocessing = 0;
		};
		BCD9093F23561B8D00918A5E /* Resources */ = {
			isa = PBXResourcesBuildPhase;
			buildActionMask = 2147483647;
			files = (
				BCD9095123561B8E00918A5E /* LaunchScreen.storyboard in Resources */,
				BCD9094E23561B8E00918A5E /* Assets.xcassets in Resources */,
				BCD9094C23561B8D00918A5E /* Main.storyboard in Resources */,
			);
			runOnlyForDeploymentPostprocessing = 0;
		};
/* End PBXResourcesBuildPhase section */

/* Begin PBXSourcesBuildPhase section */
		BCAAE75C2358DC0700C6D28C /* Sources */ = {
			isa = PBXSourcesBuildPhase;
			buildActionMask = 2147483647;
			files = (
				BCAAE7632358DC0700C6D28C /* window_shopper_appTests.swift in Sources */,
				BCAAE76A2358DD1800C6D28C /* Wage.swift in Sources */,
			);
			runOnlyForDeploymentPostprocessing = 0;
		};
		BCD9093D23561B8D00918A5E /* Sources */ = {
			isa = PBXSourcesBuildPhase;
			buildActionMask = 2147483647;
			files = (
				BCD9094923561B8D00918A5E /* ViewController.swift in Sources */,
				BCD9094523561B8D00918A5E /* AppDelegate.swift in Sources */,
				BCAAE75B2358DBC000C6D28C /* Wage.swift in Sources */,
				BCD9095D23562B8D00918A5E /* CurrencyTextField.swift in Sources */,
				BCD9094723561B8D00918A5E /* SceneDelegate.swift in Sources */,
			);
			runOnlyForDeploymentPostprocessing = 0;
		};
/* End PBXSourcesBuildPhase section */

/* Begin PBXTargetDependency section */
		BCAAE7662358DC0700C6D28C /* PBXTargetDependency */ = {
			isa = PBXTargetDependency;
			target = BCD9094023561B8D00918A5E /* window-shopper-app */;
			targetProxy = BCAAE7652358DC0700C6D28C /* PBXContainerItemProxy */;
		};
/* End PBXTargetDependency section */

/* Begin PBXVariantGroup section */
		BCD9094A23561B8D00918A5E /* Main.storyboard */ = {
			isa = PBXVariantGroup;
			children = (
				BCD9094B23561B8D00918A5E /* Base */,
			);
			name = Main.storyboard;
			sourceTree = "<group>";
		};
		BCD9094F23561B8E00918A5E /* LaunchScreen.storyboard */ = {
			isa = PBXVariantGroup;
			children = (
				BCD9095023561B8E00918A5E /* Base */,
			);
			name = LaunchScreen.storyboard;
			sourceTree = "<group>";
		};
/* End PBXVariantGroup section */

/* Begin XCBuildConfiguration section */
		BCAAE7682358DC0700C6D28C /* Debug */ = {
			isa = XCBuildConfiguration;
			buildSettings = {
				BUNDLE_LOADER = "$(TEST_HOST)";
				CODE_SIGN_STYLE = Automatic;
				INFOPLIST_FILE = "window-shopper-appTests/Info.plist";
				LD_RUNPATH_SEARCH_PATHS = (
					"$(inherited)",
					"@executable_path/Frameworks",
					"@loader_path/Frameworks",
				);
				PRODUCT_BUNDLE_IDENTIFIER = "dev.window-shopper-appTests";
				PRODUCT_NAME = "$(TARGET_NAME)";
				SWIFT_VERSION = 5.0;
				TARGETED_DEVICE_FAMILY = "1,2";
				TEST_HOST = "$(BUILT_PRODUCTS_DIR)/window-shopper-app.app/window-shopper-app";
			};
			name = Debug;
		};
		BCAAE7692358DC0700C6D28C /* Release */ = {
			isa = XCBuildConfiguration;
			buildSettings = {
				BUNDLE_LOADER = "$(TEST_HOST)";
				CODE_SIGN_STYLE = Automatic;
				INFOPLIST_FILE = "window-shopper-appTests/Info.plist";
				LD_RUNPATH_SEARCH_PATHS = (
					"$(inherited)",
					"@executable_path/Frameworks",
					"@loader_path/Frameworks",
				);
				PRODUCT_BUNDLE_IDENTIFIER = "dev.window-shopper-appTests";
				PRODUCT_NAME = "$(TARGET_NAME)";
				SWIFT_VERSION = 5.0;
				TARGETED_DEVICE_FAMILY = "1,2";
				TEST_HOST = "$(BUILT_PRODUCTS_DIR)/window-shopper-app.app/window-shopper-app";
			};
			name = Release;
		};
		BCD9095323561B8E00918A5E /* Debug */ = {
			isa = XCBuildConfiguration;
			buildSettings = {
				ALWAYS_SEARCH_USER_PATHS = NO;
				CLANG_ANALYZER_NONNULL = YES;
				CLANG_ANALYZER_NUMBER_OBJECT_CONVERSION = YES_AGGRESSIVE;
				CLANG_CXX_LANGUAGE_STANDARD = "gnu++14";
				CLANG_CXX_LIBRARY = "libc++";
				CLANG_ENABLE_MODULES = YES;
				CLANG_ENABLE_OBJC_ARC = YES;
				CLANG_ENABLE_OBJC_WEAK = YES;
				CLANG_WARN_BLOCK_CAPTURE_AUTORELEASING = YES;
				CLANG_WARN_BOOL_CONVERSION = YES;
				CLANG_WARN_COMMA = YES;
				CLANG_WARN_CONSTANT_CONVERSION = YES;
				CLANG_WARN_DEPRECATED_OBJC_IMPLEMENTATIONS = YES;
				CLANG_WARN_DIRECT_OBJC_ISA_USAGE = YES_ERROR;
				CLANG_WARN_DOCUMENTATION_COMMENTS = YES;
				CLANG_WARN_EMPTY_BODY = YES;
				CLANG_WARN_ENUM_CONVERSION = YES;
				CLANG_WARN_INFINITE_RECURSION = YES;
				CLANG_WARN_INT_CONVERSION = YES;
				CLANG_WARN_NON_LITERAL_NULL_CONVERSION = YES;
				CLANG_WARN_OBJC_IMPLICIT_RETAIN_SELF = YES;
				CLANG_WARN_OBJC_LITERAL_CONVERSION = YES;
				CLANG_WARN_OBJC_ROOT_CLASS = YES_ERROR;
				CLANG_WARN_RANGE_LOOP_ANALYSIS = YES;
				CLANG_WARN_STRICT_PROTOTYPES = YES;
				CLANG_WARN_SUSPICIOUS_MOVE = YES;
				CLANG_WARN_UNGUARDED_AVAILABILITY = YES_AGGRESSIVE;
				CLANG_WARN_UNREACHABLE_CODE = YES;
				CLANG_WARN__DUPLICATE_METHOD_MATCH = YES;
				COPY_PHASE_STRIP = NO;
				DEBUG_INFORMATION_FORMAT = dwarf;
				ENABLE_STRICT_OBJC_MSGSEND = YES;
				ENABLE_TESTABILITY = YES;
				GCC_C_LANGUAGE_STANDARD = gnu11;
				GCC_DYNAMIC_NO_PIC = NO;
				GCC_NO_COMMON_BLOCKS = YES;
				GCC_OPTIMIZATION_LEVEL = 0;
				GCC_PREPROCESSOR_DEFINITIONS = (
					"DEBUG=1",
					"$(inherited)",
				);
				GCC_WARN_64_TO_32_BIT_CONVERSION = YES;
				GCC_WARN_ABOUT_RETURN_TYPE = YES_ERROR;
				GCC_WARN_UNDECLARED_SELECTOR = YES;
				GCC_WARN_UNINITIALIZED_AUTOS = YES_AGGRESSIVE;
				GCC_WARN_UNUSED_FUNCTION = YES;
				GCC_WARN_UNUSED_VARIABLE = YES;
				IPHONEOS_DEPLOYMENT_TARGET = 13.1;
				MTL_ENABLE_DEBUG_INFO = INCLUDE_SOURCE;
				MTL_FAST_MATH = YES;
				ONLY_ACTIVE_ARCH = YES;
				SDKROOT = iphoneos;
				SWIFT_ACTIVE_COMPILATION_CONDITIONS = DEBUG;
				SWIFT_OPTIMIZATION_LEVEL = "-Onone";
			};
			name = Debug;
		};
		BCD9095423561B8E00918A5E /* Release */ = {
			isa = XCBuildConfiguration;
			buildSettings = {
				ALWAYS_SEARCH_USER_PATHS = NO;
				CLANG_ANALYZER_NONNULL = YES;
				CLANG_ANALYZER_NUMBER_OBJECT_CONVERSION = YES_AGGRESSIVE;
				CLANG_CXX_LANGUAGE_STANDARD = "gnu++14";
				CLANG_CXX_LIBRARY = "libc++";
				CLANG_ENABLE_MODULES = YES;
				CLANG_ENABLE_OBJC_ARC = YES;
				CLANG_ENABLE_OBJC_WEAK = YES;
				CLANG_WARN_BLOCK_CAPTURE_AUTORELEASING = YES;
				CLANG_WARN_BOOL_CONVERSION = YES;
				CLANG_WARN_COMMA = YES;
				CLANG_WARN_CONSTANT_CONVERSION = YES;
				CLANG_WARN_DEPRECATED_OBJC_IMPLEMENTATIONS = YES;
				CLANG_WARN_DIRECT_OBJC_ISA_USAGE = YES_ERROR;
				CLANG_WARN_DOCUMENTATION_COMMENTS = YES;
				CLANG_WARN_EMPTY_BODY = YES;
				CLANG_WARN_ENUM_CONVERSION = YES;
				CLANG_WARN_INFINITE_RECURSION = YES;
				CLANG_WARN_INT_CONVERSION = YES;
				CLANG_WARN_NON_LITERAL_NULL_CONVERSION = YES;
				CLANG_WARN_OBJC_IMPLICIT_RETAIN_SELF = YES;
				CLANG_WARN_OBJC_LITERAL_CONVERSION = YES;
				CLANG_WARN_OBJC_ROOT_CLASS = YES_ERROR;
				CLANG_WARN_RANGE_LOOP_ANALYSIS = YES;
				CLANG_WARN_STRICT_PROTOTYPES = YES;
				CLANG_WARN_SUSPICIOUS_MOVE = YES;
				CLANG_WARN_UNGUARDED_AVAILABILITY = YES_AGGRESSIVE;
				CLANG_WARN_UNREACHABLE_CODE = YES;
				CLANG_WARN__DUPLICATE_METHOD_MATCH = YES;
				COPY_PHASE_STRIP = NO;
				DEBUG_INFORMATION_FORMAT = "dwarf-with-dsym";
				ENABLE_NS_ASSERTIONS = NO;
				ENABLE_STRICT_OBJC_MSGSEND = YES;
				GCC_C_LANGUAGE_STANDARD = gnu11;
				GCC_NO_COMMON_BLOCKS = YES;
				GCC_WARN_64_TO_32_BIT_CONVERSION = YES;
				GCC_WARN_ABOUT_RETURN_TYPE = YES_ERROR;
				GCC_WARN_UNDECLARED_SELECTOR = YES;
				GCC_WARN_UNINITIALIZED_AUTOS = YES_AGGRESSIVE;
				GCC_WARN_UNUSED_FUNCTION = YES;
				GCC_WARN_UNUSED_VARIABLE = YES;
				IPHONEOS_DEPLOYMENT_TARGET = 13.1;
				MTL_ENABLE_DEBUG_INFO = NO;
				MTL_FAST_MATH = YES;
				SDKROOT = iphoneos;
				SWIFT_COMPILATION_MODE = wholemodule;
				SWIFT_OPTIMIZATION_LEVEL = "-O";
				VALIDATE_PRODUCT = YES;
			};
			name = Release;
		};
		BCD9095623561B8E00918A5E /* Debug */ = {
			isa = XCBuildConfiguration;
			buildSettings = {
				ASSETCATALOG_COMPILER_APPICON_NAME = AppIcon;
				CODE_SIGN_STYLE = Automatic;
				INFOPLIST_FILE = "window-shopper-app/Info.plist";
				LD_RUNPATH_SEARCH_PATHS = (
					"$(inherited)",
					"@executable_path/Frameworks",
				);
				PRODUCT_BUNDLE_IDENTIFIER = "dev.window-shopper-app";
				PRODUCT_NAME = "$(TARGET_NAME)";
				SWIFT_VERSION = 5.0;
				TARGETED_DEVICE_FAMILY = "1,2";
			};
			name = Debug;
		};
		BCD9095723561B8E00918A5E /* Release */ = {
			isa = XCBuildConfiguration;
			buildSettings = {
				ASSETCATALOG_COMPILER_APPICON_NAME = AppIcon;
				CODE_SIGN_STYLE = Automatic;
				INFOPLIST_FILE = "window-shopper-app/Info.plist";
				LD_RUNPATH_SEARCH_PATHS = (
					"$(inherited)",
					"@executable_path/Frameworks",
				);
				PRODUCT_BUNDLE_IDENTIFIER = "dev.window-shopper-app";
				PRODUCT_NAME = "$(TARGET_NAME)";
				SWIFT_VERSION = 5.0;
				TARGETED_DEVICE_FAMILY = "1,2";
			};
			name = Release;
		};
/* End XCBuildConfiguration section */

/* Begin XCConfigurationList section */
		BCAAE7672358DC0700C6D28C /* Build configuration list for PBXNativeTarget "window-shopper-appTests" */ = {
			isa = XCConfigurationList;
			buildConfigurations = (
				BCAAE7682358DC0700C6D28C /* Debug */,
				BCAAE7692358DC0700C6D28C /* Release */,
			);
			defaultConfigurationIsVisible = 0;
			defaultConfigurationName = Release;
		};
		BCD9093C23561B8D00918A5E /* Build configuration list for PBXProject "window-shopper-app" */ = {
			isa = XCConfigurationList;
			buildConfigurations = (
				BCD9095323561B8E00918A5E /* Debug */,
				BCD9095423561B8E00918A5E /* Release */,
			);
			defaultConfigurationIsVisible = 0;
			defaultConfigurationName = Release;
		};
		BCD9095523561B8E00918A5E /* Build configuration list for PBXNativeTarget "window-shopper-app" */ = {
			isa = XCConfigurationList;
			buildConfigurations = (
				BCD9095623561B8E00918A5E /* Debug */,
				BCD9095723561B8E00918A5E /* Release */,
			);
			defaultConfigurationIsVisible = 0;
			defaultConfigurationName = Release;
		};
/* End XCConfigurationList section */
	};
	rootObject = BCD9093923561B8D00918A5E /* Project object */;
}
